
Microsoft Visual Studio Solution File, Format Version 12.00
# Visual Studio Version 18
VisualStudioVersion = 18.6.11822.322 stable
MinimumVisualStudioVersion = 10.0.40219.1
Project("{FAE04EC0-301F-11D3-BF4B-00C04F79EFBC}") = "Platform.Core", "Platform.Core\Platform.Core.csproj", "{A068E4B8-64BC-4CA2-9147-FF9ED73F5051}"
EndProject
Project("{FAE04EC0-301F-11D3-BF4B-00C04F79EFBC}") = "Platform.Infrastructure", "Platform.Infrastructure\Platform.Infrastructure.csproj", "{5BF9EFE0-A3B8-4D5D-8A32-DEE1980823D8}"
EndProject
Project("{FAE04EC0-301F-11D3-BF4B-00C04F79EFBC}") = "SwimDomain", "SwimDomain\SwimDomain.csproj", "{91BE4494-DCF5-4805-9B4D-A9A33794CB61}"
EndProject
Project("{FAE04EC0-301F-11D3-BF4B-00C04F79EFBC}") = "TrackField.Domain", "TrackField.Domain\TrackField.Domain.csproj", "{95B4C39A-84D0-458A-8B07-8C8D53D1DE69}"
EndProject
Project("{FAE04EC0-301F-11D3-BF4B-00C04F79EFBC}") = "AthletePlatformAPI", "AthletePlatformAPI\AthletePlatformAPI.csproj", "{6CC6EE50-FCA3-4CED-921A-7E7E2A63021E}"
EndProject
Project("{FAE04EC0-301F-11D3-BF4B-00C04F79EFBC}") = "SwimDomain.Tests", "SwimDomain.Tests\SwimDomain.Tests.csproj", "{B24B4BED-7722-44A1-A404-FB1E1D3848C7}"
EndProject
Global
	GlobalSection(SolutionConfigurationPlatforms) = preSolution
		Debug|Any CPU = Debug|Any CPU
		Debug|x64 = Debug|x64
		Debug|x86 = Debug|x86
		Release|Any CPU = Release|Any CPU
		Release|x64 = Release|x64
		Release|x86 = Release|x86
	EndGlobalSection
	GlobalSection(ProjectConfigurationPlatforms) = postSolution
		{A068E4B8-64BC-4CA2-9147-FF9ED73F5051}.Debug|Any CPU.ActiveCfg = Debug|Any CPU
		{A068E4B8-64BC-4CA2-9147-FF9ED73F5051}.Debug|Any CPU.Build.0 = Debug|Any CPU
		{A068E4B8-64BC-4CA2-9147-FF9ED73F5051}.Debug|x64.ActiveCfg = Debug|Any CPU
		{A068E4B8-64BC-4CA2-9147-FF9ED73F5051}.Debug|x64.Build.0 = Debug|Any CPU
		{A068E4B8-64BC-4CA2-9147-FF9ED73F5051}.Debug|x86.ActiveCfg = Debug|Any CPU
		{A068E4B8-64BC-4CA2-9147-FF9ED73F5051}.Debug|x86.Build.0 = Debug|Any CPU
		{A068E4B8-64BC-4CA2-9147-FF9ED73F5051}.Release|Any CPU.ActiveCfg = Release|Any CPU
		{A068E4B8-64BC-4CA2-9147-FF9ED73F5051}.Release|Any CPU.Build.0 = Release|Any CPU
		{A068E4B8-64BC-4CA2-9147-FF9ED73F5051}.Release|x64.ActiveCfg = Release|Any CPU
		{A068E4B8-64BC-4CA2-9147-FF9ED73F5051}.Release|x64.Build.0 = Release|Any CPU
		{A068E4B8-64BC-4CA2-9147-FF9ED73F5051}.Release|x86.ActiveCfg = Release|Any CPU
		{A068E4B8-64BC-4CA2-9147-FF9ED73F5051}.Release|x86.Build.0 = Release|Any CPU
		{5BF9EFE0-A3B8-4D5D-8A32-DEE1980823D8}.Debug|Any CPU.ActiveCfg = Debug|Any CPU
		{5BF9EFE0-A3B8-4D5D-8A32-DEE1980823D8}.Debug|Any CPU.Build.0 = Debug|Any CPU
		{5BF9EFE0-A3B8-4D5D-8A32-DEE1980823D8}.Debug|x64.ActiveCfg = Debug|Any CPU
		{5BF9EFE0-A3B8-4D5D-8A32-DEE1980823D8}.Debug|x64.Build.0 = Debug|Any CPU
		{5BF9EFE0-A3B8-4D5D-8A32-DEE1980823D8}.Debug|x86.ActiveCfg = Debug|Any CPU
		{5BF9EFE0-A3B8-4D5D-8A32-DEE1980823D8}.Debug|x86.Build.0 = Debug|Any CPU
		{5BF9EFE0-A3B8-4D5D-8A32-DEE1980823D8}.Release|Any CPU.ActiveCfg = Release|Any CPU
		{5BF9EFE0-A3B8-4D5D-8A32-DEE1980823D8}.Release|Any CPU.Build.0 = Release|Any CPU
		{5BF9EFE0-A3B8-4D5D-8A32-DEE1980823D8}.Release|x64.ActiveCfg = Release|Any CPU
		{5BF9EFE0-A3B8-4D5D-8A32-DEE1980823D8}.Release|x64.Build.0 = Release|Any CPU
		{5BF9EFE0-A3B8-4D5D-8A32-DEE1980823D8}.Release|x86.ActiveCfg = Release|Any CPU
		{5BF9EFE0-A3B8-4D5D-8A32-DEE1980823D8}.Release|x86.Build.0 = Release|Any CPU
		{91BE4494-DCF5-4805-9B4D-A9A33794CB61}.Debug|Any CPU.ActiveCfg = Debug|Any CPU
		{91BE4494-DCF5-4805-9B4D-A9A33794CB61}.Debug|Any CPU.Build.0 = Debug|Any CPU
		{91BE4494-DCF5-4805-9B4D-A9A33794CB61}.Debug|x64.ActiveCfg = Debug|Any CPU
		{91BE4494-DCF5-4805-9B4D-A9A33794CB61}.Debug|x64.Build.0 = Debug|Any CPU
		{91BE4494-DCF5-4805-9B4D-A9A33794CB61}.Debug|x86.ActiveCfg = Debug|Any CPU
		{91BE4494-DCF5-4805-9B4D-A9A33794CB61}.Debug|x86.Build.0 = Debug|Any CPU
		{91BE4494-DCF5-4805-9B4D-A9A33794CB61}.Release|Any CPU.ActiveCfg = Release|Any CPU
		{91BE4494-DCF5-4805-9B4D-A9A33794CB61}.Release|Any CPU.Build.0 = Release|Any CPU
		{91BE4494-DCF5-4805-9B4D-A9A33794CB61}.Release|x64.ActiveCfg = Release|Any CPU
		{91BE4494-DCF5-4805-9B4D-A9A33794CB61}.Release|x64.Build.0 = Release|Any CPU
		{91BE4494-DCF5-4805-9B4D-A9A33794CB61}.Release|x86.ActiveCfg = Release|Any CPU
		{91BE4494-DCF5-4805-9B4D-A9A33794CB61}.Release|x86.Build.0 = Release|Any CPU
		{95B4C39A-84D0-458A-8B07-8C8D53D1DE69}.Debug|Any CPU.ActiveCfg = Debug|Any CPU
		{95B4C39A-84D0-458A-8B07-8C8D53D1DE69}.Debug|Any CPU.Build.0 = Debug|Any CPU
		{95B4C39A-84D0-458A-8B07-8C8D53D1DE69}.Debug|x64.ActiveCfg = Debug|Any CPU
		{95B4C39A-84D0-458A-8B07-8C8D53D1DE69}.Debug|x64.Build.0 = Debug|Any CPU
		{95B4C39A-84D0-458A-8B07-8C8D53D1DE69}.Debug|x86.ActiveCfg = Debug|Any CPU
		{95B4C39A-84D0-458A-8B07-8C8D53D1DE69}.Debug|x86.Build.0 = Debug|Any CPU
		{95B4C39A-84D0-458A-8B07-8C8D53D1DE69}.Release|Any CPU.ActiveCfg = Release|Any CPU
		{95B4C39A-84D0-458A-8B07-8C8D53D1DE69}.Release|Any CPU.Build.0 = Release|Any CPU
		{95B4C39A-84D0-458A-8B07-8C8D53D1DE69}.Release|x64.ActiveCfg = Release|Any CPU
		{95B4C39A-84D0-458A-8B07-8C8D53D1DE69}.Release|x64.Build.0 = Release|Any CPU
		{95B4C39A-84D0-458A-8B07-8C8D53D1DE69}.Release|x86.ActiveCfg = Release|Any CPU
		{95B4C39A-84D0-458A-8B07-8C8D53D1DE69}.Release|x86.Build.0 = Release|Any CPU
		{6CC6EE50-FCA3-4CED-921A-7E7E2A63021E}.Debug|Any CPU.ActiveCfg = Debug|Any CPU
		{6CC6EE50-FCA3-4CED-921A-7E7E2A63021E}.Debug|Any CPU.Build.0 = Debug|Any CPU
		{6CC6EE50-FCA3-4CED-921A-7E7E2A63021E}.Debug|x64.ActiveCfg = Debug|Any CPU
		{6CC6EE50-FCA3-4CED-921A-7E7E2A63021E}.Debug|x64.Build.0 = Debug|Any CPU
		{6CC6EE50-FCA3-4CED-921A-7E7E2A63021E}.Debug|x86.ActiveCfg = Debug|Any CPU
		{6CC6EE50-FCA3-4CED-921A-7E7E2A63021E}.Debug|x86.Build.0 = Debug|Any CPU
		{6CC6EE50-FCA3-4CED-921A-7E7E2A63021E}.Release|Any CPU.ActiveCfg = Release|Any CPU
		{6CC6EE50-FCA3-4CED-921A-7E7E2A63021E}.Release|Any CPU.Build.0 = Release|Any CPU
		{6CC6EE50-FCA3-4CED-921A-7E7E2A63021E}.Release|x64.ActiveCfg = Release|Any CPU
		{6CC6EE50-FCA3-4CED-921A-7E7E2A63021E}.Release|x64.Build.0 = Release|Any CPU
		{6CC6EE50-FCA3-4CED-921A-7E7E2A63021E}.Release|x86.ActiveCfg = Release|Any CPU
		{6CC6EE50-FCA3-4CED-921A-7E7E2A63021E}.Release|x86.Build.0 = Release|Any CPU
		{B24B4BED-7722-44A1-A404-FB1E1D3848C7}.Debug|Any CPU.ActiveCfg = Debug|Any CPU
		{B24B4BED-7722-44A1-A404-FB1E1D3848C7}.Debug|Any CPU.Build.0 = Debug|Any CPU
		{B24B4BED-7722-44A1-A404-FB1E1D3848C7}.Debug|x64.ActiveCfg = Debug|Any CPU
		{B24B4BED-7722-44A1-A404-FB1E1D3848C7}.Debug|x64.Build.0 = Debug|Any CPU
		{B24B4BED-7722-44A1-A404-FB1E1D3848C7}.Debug|x86.ActiveCfg = Debug|Any CPU
		{B24B4BED-7722-44A1-A404-FB1E1D3848C7}.Debug|x86.Build.0 = Debug|Any CPU
		{B24B4BED-7722-44A1-A404-FB1E1D3848C7}.Release|Any CPU.ActiveCfg = Release|Any CPU
		{B24B4BED-7722-44A1-A404-FB1E1D3848C7}.Release|Any CPU.Build.0 = Release|Any CPU
		{B24B4BED-7722-44A1-A404-FB1E1D3848C7}.Release|x64.ActiveCfg = Release|Any CPU
		{B24B4BED-7722-44A1-A404-FB1E1D3848C7}.Release|x64.Build.0 = Release|Any CPU
		{B24B4BED-7722-44A1-A404-FB1E1D3848C7}.Release|x86.ActiveCfg = Release|Any CPU
		{B24B4BED-7722-44A1-A404-FB1E1D3848C7}.Release|x86.Build.0 = Release|Any CPU
	EndGlobalSection
	GlobalSection(SolutionProperties) = preSolution
		HideSolutionNode = FALSE
	EndGlobalSection
EndGlobal
